
Microsoft Visual Studio Solution File, Format Version 12.00
# Visual Studio 15
VisualStudioVersion = 15.0.28010.2036
MinimumVisualStudioVersion = 10.0.40219.1
Project("{FAE04EC0-301F-11D3-BF4B-00C04F79EFBC}") = "PRSMessaging", "PRSMessaging\PRSMessaging.csproj", "{04EE483D-51ED-4A5B-8165-442D942D07C4}"
EndProject
Global
	GlobalSection(SolutionConfigurationPlatforms) = preSolution
		Debug|Any CPU = Debug|Any CPU
		Release|Any CPU = Release|Any CPU
	EndGlobalSection
	GlobalSection(ProjectConfigurationPlatforms) = postSolution
		{04EE483D-51ED-4A5B-8165-442D942D07C4}.Debug|Any CPU.ActiveCfg = Debug|Any CPU
		{04EE483D-51ED-4A5B-8165-442D942D07C4}.Debug|Any CPU.Build.0 = Debug|Any CPU
		{04EE483D-51ED-4A5B-8165-442D942D07C4}.Release|Any CPU.ActiveCfg = Release|Any CPU
		{04EE483D-51ED-4A5B-8165-442D942D07C4}.Release|Any CPU.Build.0 = Release|Any CPU
	EndGlobalSection
	GlobalSection(SolutionProperties) = preSolution
		HideSolutionNode = FALSE
	EndGlobalSection
	GlobalSection(ExtensibilityGlobals) = postSolution
		SolutionGuid = {EA908B7F-E985-4A3B-A7B9-91114A89E9A5}
	EndGlobalSection
EndGlobal
